
Microsoft Visual Studio Solution File, Format Version 12.00
# Visual Studio Version 16
VisualStudioVersion = 16.0.30804.86
MinimumVisualStudioVersion = 10.0.40219.1
Project("{2150E333-8FDC-42A3-9474-1A3956D46DE8}") = "Modules", "Modules", "{8BAB0BFA-2AC5-4EBA-AEC7-B3017C706579}"
EndProject
Project("{9A19103F-16F7-4668-BE54-9A1E7A4F7556}") = "RandomTag.Modules.ModuleName", "RandomTag\Modules\RandomTag.Modules.ModuleName\RandomTag.Modules.ModuleName.csproj", "{BD8725C3-E915-43C7-A078-1FB85E78F150}"
EndProject
Project("{2150E333-8FDC-42A3-9474-1A3956D46DE8}") = "Services", "Services", "{88250BC8-DD3F-417D-9A86-1591E851C821}"
EndProject
Project("{9A19103F-16F7-4668-BE54-9A1E7A4F7556}") = "RandomTag.Services", "RandomTag\Services\RandomTag.Services\RandomTag.Services.csproj", "{DFE8A712-F6F0-485D-B239-E0AF15B1D69D}"
EndProject
Project("{9A19103F-16F7-4668-BE54-9A1E7A4F7556}") = "RandomTag.Services.Interfaces", "RandomTag\Services\RandomTag.Services.Interfaces\RandomTag.Services.Interfaces.csproj", "{127729C3-F85E-4AEB-B243-74D00F079915}"
EndProject
Project("{9A19103F-16F7-4668-BE54-9A1E7A4F7556}") = "RandomTag", "RandomTag\RandomTag\RandomTag.csproj", "{1249819C-05CC-48B5-A4E3-886AB87890A1}"
EndProject
Project("{9A19103F-16F7-4668-BE54-9A1E7A4F7556}") = "RandomTag.Core", "RandomTag\RandomTag.Core\RandomTag.Core.csproj", "{A452A02F-E820-41F3-A523-FB404D9A63CD}"
EndProject
Project("{FAE04EC0-301F-11D3-BF4B-00C04F79EFBC}") = "NicoDou", "RandomTag\NicoDou\NicoDou.csproj", "{A6B6DC4F-E0C3-4FE8-90D2-F1E0F1C61DBB}"
EndProject
Global
	GlobalSection(SolutionConfigurationPlatforms) = preSolution
		Debug|Any CPU = Debug|Any CPU
		Release|Any CPU = Release|Any CPU
	EndGlobalSection
	GlobalSection(ProjectConfigurationPlatforms) = postSolution
		{BD8725C3-E915-43C7-A078-1FB85E78F150}.Debug|Any CPU.ActiveCfg = Debug|Any CPU
		{BD8725C3-E915-43C7-A078-1FB85E78F150}.Debug|Any CPU.Build.0 = Debug|Any CPU
		{BD8725C3-E915-43C7-A078-1FB85E78F150}.Release|Any CPU.ActiveCfg = Release|Any CPU
		{BD8725C3-E915-43C7-A078-1FB85E78F150}.Release|Any CPU.Build.0 = Release|Any CPU
		{DFE8A712-F6F0-485D-B239-E0AF15B1D69D}.Debug|Any CPU.ActiveCfg = Debug|Any CPU
		{DFE8A712-F6F0-485D-B239-E0AF15B1D69D}.Debug|Any CPU.Build.0 = Debug|Any CPU
		{DFE8A712-F6F0-485D-B239-E0AF15B1D69D}.Release|Any CPU.ActiveCfg = Release|Any CPU
		{DFE8A712-F6F0-485D-B239-E0AF15B1D69D}.Release|Any CPU.Build.0 = Release|Any CPU
		{127729C3-F85E-4AEB-B243-74D00F079915}.Debug|Any CPU.ActiveCfg = Debug|Any CPU
		{127729C3-F85E-4AEB-B243-74D00F079915}.Debug|Any CPU.Build.0 = Debug|Any CPU
		{127729C3-F85E-4AEB-B243-74D00F079915}.Release|Any CPU.ActiveCfg = Release|Any CPU
		{127729C3-F85E-4AEB-B243-74D00F079915}.Release|Any CPU.Build.0 = Release|Any CPU
		{1249819C-05CC-48B5-A4E3-886AB87890A1}.Debug|Any CPU.ActiveCfg = Debug|Any CPU
		{1249819C-05CC-48B5-A4E3-886AB87890A1}.Debug|Any CPU.Build.0 = Debug|Any CPU
		{1249819C-05CC-48B5-A4E3-886AB87890A1}.Release|Any CPU.ActiveCfg = Release|Any CPU
		{1249819C-05CC-48B5-A4E3-886AB87890A1}.Release|Any CPU.Build.0 = Release|Any CPU
		{A452A02F-E820-41F3-A523-FB404D9A63CD}.Debug|Any CPU.ActiveCfg = Debug|Any CPU
		{A452A02F-E820-41F3-A523-FB404D9A63CD}.Debug|Any CPU.Build.0 = Debug|Any CPU
		{A452A02F-E820-41F3-A523-FB404D9A63CD}.Release|Any CPU.ActiveCfg = Release|Any CPU
		{A452A02F-E820-41F3-A523-FB404D9A63CD}.Release|Any CPU.Build.0 = Release|Any CPU
		{A6B6DC4F-E0C3-4FE8-90D2-F1E0F1C61DBB}.Debug|Any CPU.ActiveCfg = Debug|Any CPU
		{A6B6DC4F-E0C3-4FE8-90D2-F1E0F1C61DBB}.Debug|Any CPU.Build.0 = Debug|Any CPU
		{A6B6DC4F-E0C3-4FE8-90D2-F1E0F1C61DBB}.Release|Any CPU.ActiveCfg = Release|Any CPU
		{A6B6DC4F-E0C3-4FE8-90D2-F1E0F1C61DBB}.Release|Any CPU.Build.0 = Release|Any CPU
	EndGlobalSection
	GlobalSection(SolutionProperties) = preSolution
		HideSolutionNode = FALSE
	EndGlobalSection
	GlobalSection(NestedProjects) = preSolution
		{BD8725C3-E915-43C7-A078-1FB85E78F150} = {8BAB0BFA-2AC5-4EBA-AEC7-B3017C706579}
		{DFE8A712-F6F0-485D-B239-E0AF15B1D69D} = {88250BC8-DD3F-417D-9A86-1591E851C821}
		{127729C3-F85E-4AEB-B243-74D00F079915} = {88250BC8-DD3F-417D-9A86-1591E851C821}
	EndGlobalSection
	GlobalSection(ExtensibilityGlobals) = postSolution
		SolutionGuid = {E117E923-D435-42A2-8280-736DBDD62CFB}
	EndGlobalSection
EndGlobal
